
Microsoft Visual Studio Solution File, Format Version 12.00
# Visual Studio 2012
Project("{FAE04EC0-301F-11D3-BF4B-00C04F79EFBC}") = "SignalR.Autofac", "SignalR.Autofac.csproj", "{2EC6028B-D1A0-4D18-9587-5ADFD5C86E19}"
EndProject
Project("{FAE04EC0-301F-11D3-BF4B-00C04F79EFBC}") = "SignalR.Autofac.Tests", "Tests\SignalR.Autofac.Tests.csproj", "{DBD1633A-61C9-4507-964D-880D7A7F873F}"
EndProject
Global
	GlobalSection(SolutionConfigurationPlatforms) = preSolution
		Debug|Any CPU = Debug|Any CPU
		Release|Any CPU = Release|Any CPU
	EndGlobalSection
	GlobalSection(ProjectConfigurationPlatforms) = postSolution
		{2EC6028B-D1A0-4D18-9587-5ADFD5C86E19}.Debug|Any CPU.ActiveCfg = Debug|Any CPU
		{2EC6028B-D1A0-4D18-9587-5ADFD5C86E19}.Debug|Any CPU.Build.0 = Debug|Any CPU
		{2EC6028B-D1A0-4D18-9587-5ADFD5C86E19}.Release|Any CPU.ActiveCfg = Release|Any CPU
		{2EC6028B-D1A0-4D18-9587-5ADFD5C86E19}.Release|Any CPU.Build.0 = Release|Any CPU
		{DBD1633A-61C9-4507-964D-880D7A7F873F}.Debug|Any CPU.ActiveCfg = Debug|Any CPU
		{DBD1633A-61C9-4507-964D-880D7A7F873F}.Debug|Any CPU.Build.0 = Debug|Any CPU
		{DBD1633A-61C9-4507-964D-880D7A7F873F}.Release|Any CPU.ActiveCfg = Release|Any CPU
		{DBD1633A-61C9-4507-964D-880D7A7F873F}.Release|Any CPU.Build.0 = Release|Any CPU
	EndGlobalSection
	GlobalSection(SolutionProperties) = preSolution
		HideSolutionNode = FALSE
	EndGlobalSection
EndGlobal
